
Microsoft Visual Studio Solution File, Format Version 12.00
# Visual Studio Version 17
VisualStudioVersion = 17.0.32112.339
MinimumVisualStudioVersion = 10.0.40219.1
Project("{FAE04EC0-301F-11D3-BF4B-00C04F79EFBC}") = "E1_Herencia", "E1_Herencia.csproj", "{0BC7FAAD-531C-40B5-B1B6-5409BE0C5C58}"
EndProject
Global
	GlobalSection(SolutionConfigurationPlatforms) = preSolution
		Debug|Any CPU = Debug|Any CPU
		Release|Any CPU = Release|Any CPU
	EndGlobalSection
	GlobalSection(ProjectConfigurationPlatforms) = postSolution
		{0BC7FAAD-531C-40B5-B1B6-5409BE0C5C58}.Debug|Any CPU.ActiveCfg = Debug|Any CPU
		{0BC7FAAD-531C-40B5-B1B6-5409BE0C5C58}.Debug|Any CPU.Build.0 = Debug|Any CPU
		{0BC7FAAD-531C-40B5-B1B6-5409BE0C5C58}.Release|Any CPU.ActiveCfg = Release|Any CPU
		{0BC7FAAD-531C-40B5-B1B6-5409BE0C5C58}.Release|Any CPU.Build.0 = Release|Any CPU
	EndGlobalSection
	GlobalSection(SolutionProperties) = preSolution
		HideSolutionNode = FALSE
	EndGlobalSection
	GlobalSection(ExtensibilityGlobals) = postSolution
		SolutionGuid = {A2ADB670-2A54-434F-9B84-34D68BECFA42}
	EndGlobalSection
EndGlobal
